
Microsoft Visual Studio Solution File, Format Version 12.00
# Visual Studio Version 17
VisualStudioVersion = 17.6.33801.468
MinimumVisualStudioVersion = 10.0.40219.1
Project("{FAE04EC0-301F-11D3-BF4B-00C04F79EFBC}") = "DrawingLines", "DrawingLines\DrawingLines.csproj", "{3C0544EE-0141-4D21-96FE-1CD822F400CF}"
EndProject
Global
	GlobalSection(SolutionConfigurationPlatforms) = preSolution
		Debug|Any CPU = Debug|Any CPU
		Release|Any CPU = Release|Any CPU
	EndGlobalSection
	GlobalSection(ProjectConfigurationPlatforms) = postSolution
		{3C0544EE-0141-4D21-96FE-1CD822F400CF}.Debug|Any CPU.ActiveCfg = Debug|Any CPU
		{3C0544EE-0141-4D21-96FE-1CD822F400CF}.Debug|Any CPU.Build.0 = Debug|Any CPU
		{3C0544EE-0141-4D21-96FE-1CD822F400CF}.Release|Any CPU.ActiveCfg = Release|Any CPU
		{3C0544EE-0141-4D21-96FE-1CD822F400CF}.Release|Any CPU.Build.0 = Release|Any CPU
	EndGlobalSection
	GlobalSection(SolutionProperties) = preSolution
		HideSolutionNode = FALSE
	EndGlobalSection
	GlobalSection(ExtensibilityGlobals) = postSolution
		SolutionGuid = {E0D0F38A-E5A9-46DD-A25A-EA69EBBABA9A}
	EndGlobalSection
EndGlobal
